Microsoft Visual Studio Solution File, Format Version 12.00
# Visual Studio Version 17
VisualStudioVersion = 17.12.35209.166
MinimumVisualStudioVersion = 10.0.40219.1
Project("{FAE04EC0-301F-11D3-BF4B-00C04F79EFBC}") = "GetSelectedValuesAllColumns", "GetSelectedValuesAllColumns\GetSelectedValuesAllColumns.csproj", "{68F80EA6-DDF7-462C-9687-3A4B2072AAA1}"
EndProject
Global
	GlobalSection(SolutionConfigurationPlatforms) = preSolution
		Debug|Any CPU = Debug|Any CPU
		Release|Any CPU = Release|Any CPU
	EndGlobalSection
	GlobalSection(ProjectConfigurationPlatforms) = postSolution
		{68F80EA6-DDF7-462C-9687-3A4B2072AAA1}.Debug|Any CPU.ActiveCfg = Debug|Any CPU
		{68F80EA6-DDF7-462C-9687-3A4B2072AAA1}.Debug|Any CPU.Build.0 = Debug|Any CPU
		{68F80EA6-DDF7-462C-9687-3A4B2072AAA1}.Release|Any CPU.ActiveCfg = Release|Any CPU
		{68F80EA6-DDF7-462C-9687-3A4B2072AAA1}.Release|Any CPU.Build.0 = Release|Any CPU
	EndGlobalSection
	GlobalSection(SolutionProperties) = preSolution
		HideSolutionNode = FALSE
	EndGlobalSection
	GlobalSection(ExtensibilityGlobals) = postSolution
		SolutionGuid = {2F40FDA6-2E2C-4F00-8B81-85A874394064}
	EndGlobalSection
EndGlobal
